
Microsoft Visual Studio Solution File, Format Version 12.00
# Visual Studio Version 17
VisualStudioVersion = 17.0.32112.339
MinimumVisualStudioVersion = 10.0.40219.1
Project("{2150E333-8FDC-42A3-9474-1A3956D46DE8}") = "src", "src", "{BC8103C7-9895-4111-BF9B-4EA3942A868F}"
EndProject
Project("{FAE04EC0-301F-11D3-BF4B-00C04F79EFBC}") = "RealEstateAgency.Domain", "RealEstateAgency.Domain\RealEstateAgency.Domain.csproj", "{68FE109F-C568-428F-9E66-593655E89934}"
EndProject
Global
	GlobalSection(SolutionConfigurationPlatforms) = preSolution
		Debug|Any CPU = Debug|Any CPU
		Release|Any CPU = Release|Any CPU
	EndGlobalSection
	GlobalSection(ProjectConfigurationPlatforms) = postSolution
		{68FE109F-C568-428F-9E66-593655E89934}.Debug|Any CPU.ActiveCfg = Debug|Any CPU
		{68FE109F-C568-428F-9E66-593655E89934}.Debug|Any CPU.Build.0 = Debug|Any CPU
		{68FE109F-C568-428F-9E66-593655E89934}.Release|Any CPU.ActiveCfg = Release|Any CPU
		{68FE109F-C568-428F-9E66-593655E89934}.Release|Any CPU.Build.0 = Release|Any CPU
	EndGlobalSection
	GlobalSection(SolutionProperties) = preSolution
		HideSolutionNode = FALSE
	EndGlobalSection
	GlobalSection(NestedProjects) = preSolution
		{68FE109F-C568-428F-9E66-593655E89934} = {BC8103C7-9895-4111-BF9B-4EA3942A868F}
	EndGlobalSection
	GlobalSection(ExtensibilityGlobals) = postSolution
		SolutionGuid = {7BCEBCC9-373C-4ECD-8235-F9FE92B7B3D9}
	EndGlobalSection
EndGlobal
